
Microsoft Visual Studio Solution File, Format Version 12.00
# Visual Studio Version 16
VisualStudioVersion = 16.0.29123.88
MinimumVisualStudioVersion = 10.0.40219.1
Project("{9A19103F-16F7-4668-BE54-9A1E7A4F7556}") = "VaM.ModManager.App", "VaM.ModManager.App\VaM.ModManager.App.csproj", "{F268F17F-4EE3-4442-B37A-6C55DA853967}"
EndProject
Global
	GlobalSection(SolutionConfigurationPlatforms) = preSolution
		Debug|Any CPU = Debug|Any CPU
		Release|Any CPU = Release|Any CPU
	EndGlobalSection
	GlobalSection(ProjectConfigurationPlatforms) = postSolution
		{F268F17F-4EE3-4442-B37A-6C55DA853967}.Debug|Any CPU.ActiveCfg = Debug|Any CPU
		{F268F17F-4EE3-4442-B37A-6C55DA853967}.Debug|Any CPU.Build.0 = Debug|Any CPU
		{F268F17F-4EE3-4442-B37A-6C55DA853967}.Release|Any CPU.ActiveCfg = Release|Any CPU
		{F268F17F-4EE3-4442-B37A-6C55DA853967}.Release|Any CPU.Build.0 = Release|Any CPU
	EndGlobalSection
	GlobalSection(SolutionProperties) = preSolution
		HideSolutionNode = FALSE
	EndGlobalSection
	GlobalSection(ExtensibilityGlobals) = postSolution
		SolutionGuid = {670E7FA8-9A13-4DA8-AC5E-B1F87176389B}
	EndGlobalSection
	GlobalSection(TeamFoundationVersionControl) = preSolution
		SccNumberOfProjects = 2
		SccEnterpriseProvider = {4CA58AB2-18FA-4F8D-95D4-32DDF27D184C}
		SccTeamFoundationServer = https://ultimatetostada.visualstudio.com/
		SccLocalPath0 = .
		SccProjectUniqueName1 = VaM.ModManager.App\\VaM.ModManager.App.csproj
		SccProjectName1 = VaM.ModManager.App
		SccLocalPath1 = VaM.ModManager.App
	EndGlobalSection
EndGlobal
